// !$*UTF8*$!
{
	archiveVersion = 1;
	classes = {
	};
	objectVersion = 50;
	objects = {

/* Begin PBXBuildFile section */
		3F0CD5572342655F00D569D7 /* AppDelegate.swift in Sources */ = {isa = PBXBuildFile; fileRef = 3F0CD5562342655F00D569D7 /* AppDelegate.swift */; };
		3F0CD5592342655F00D569D7 /* ViewController.swift in Sources */ = {isa = PBXBuildFile; fileRef = 3F0CD5582342655F00D569D7 /* ViewController.swift */; };
		3F0CD55C2342655F00D569D7 /* Main.storyboard in Resources */ = {isa = PBXBuildFile; fileRef = 3F0CD55A2342655F00D569D7 /* Main.storyboard */; };
		3F0CD55E2342656000D569D7 /* Assets.xcassets in Resources */ = {isa = PBXBuildFile; fileRef = 3F0CD55D2342656000D569D7 /* Assets.xcassets */; };
		3F0CD5612342656000D569D7 /* LaunchScreen.storyboard in Resources */ = {isa = PBXBuildFile; fileRef = 3F0CD55F2342656000D569D7 /* LaunchScreen.storyboard */; };
		3F0CD56923426C9300D569D7 /* AzulViewController.swift in Sources */ = {isa = PBXBuildFile; fileRef = 3F0CD56823426C9300D569D7 /* AzulViewController.swift */; };
		3F0CD56B23426CC800D569D7 /* NovaCorViewController.swift in Sources */ = {isa = PBXBuildFile; fileRef = 3F0CD56A23426CC800D569D7 /* NovaCorViewController.swift */; };
/* End PBXBuildFile section */

/* Begin PBXFileReference section */
		3F0CD5532342655F00D569D7 /* AulaStoryboardUFRJTarde.app */ = {isa = PBXFileReference; explicitFileType = wrapper.application; includeInIndex = 0; path = AulaStoryboardUFRJTarde.app; sourceTree = BUILT_PRODUCTS_DIR; };
		3F0CD5562342655F00D569D7 /* AppDelegate.swift */ = {isa = PBXFileReference; lastKnownFileType = sourcecode.swift; path = AppDelegate.swift; sourceTree = "<group>"; };
		3F0CD5582342655F00D569D7 /* ViewController.swift */ = {isa = PBXFileReference; lastKnownFileType = sourcecode.swift; path = ViewController.swift; sourceTree = "<group>"; };
		3F0CD55B2342655F00D569D7 /* Base */ = {isa = PBXFileReference; lastKnownFileType = file.storyboard; name = Base; path = Base.lproj/Main.storyboard; sourceTree = "<group>"; };
		3F0CD55D2342656000D569D7 /* Assets.xcassets */ = {isa = PBXFileReference; lastKnownFileType = folder.assetcatalog; path = Assets.xcassets; sourceTree = "<group>"; };
		3F0CD5602342656000D569D7 /* Base */ = {isa = PBXFileReference; lastKnownFileType = file.storyboard; name = Base; path = Base.lproj/LaunchScreen.storyboard; sourceTree = "<group>"; };
		3F0CD5622342656000D569D7 /* Info.plist */ = {isa = PBXFileReference; lastKnownFileType = text.plist.xml; path = Info.plist; sourceTree = "<group>"; };
		3F0CD56823426C9300D569D7 /* AzulViewController.swift */ = {isa = PBXFileReference; lastKnownFileType = sourcecode.swift; path = AzulViewController.swift; sourceTree = "<group>"; };
		3F0CD56A23426CC800D569D7 /* NovaCorViewController.swift */ = {isa = PBXFileReference; lastKnownFileType = sourcecode.swift; path = NovaCorViewController.swift; sourceTree = "<group>"; };
/* End PBXFileReference section */

/* Begin PBXFrameworksBuildPhase section */
		3F0CD5502342655F00D569D7 /* Frameworks */ = {
			isa = PBXFrameworksBuildPhase;
			buildActionMask = 2147483647;
			files = (
			);
			runOnlyForDeploymentPostprocessing = 0;
		};
/* End PBXFrameworksBuildPhase section */

/* Begin PBXGroup section */
		3F0CD54A2342655F00D569D7 = {
			isa = PBXGroup;
			children = (
				3F0CD5552342655F00D569D7 /* AulaStoryboardUFRJTarde */,
				3F0CD5542342655F00D569D7 /* Products */,
			);
			sourceTree = "<group>";
		};
		3F0CD5542342655F00D569D7 /* Products */ = {
			isa = PBXGroup;
			children = (
				3F0CD5532342655F00D569D7 /* AulaStoryboardUFRJTarde.app */,
			);
			name = Products;
			sourceTree = "<group>";
		};
		3F0CD5552342655F00D569D7 /* AulaStoryboardUFRJTarde */ = {
			isa = PBXGroup;
			children = (
				3F0CD5562342655F00D569D7 /* AppDelegate.swift */,
				3F0CD5582342655F00D569D7 /* ViewController.swift */,
				3F0CD55A2342655F00D569D7 /* Main.storyboard */,
				3F0CD56823426C9300D569D7 /* AzulViewController.swift */,
				3F0CD56A23426CC800D569D7 /* NovaCorViewController.swift */,
				3F0CD55D2342656000D569D7 /* Assets.xcassets */,
				3F0CD55F2342656000D569D7 /* LaunchScreen.storyboard */,
				3F0CD5622342656000D569D7 /* Info.plist */,
			);
			path = AulaStoryboardUFRJTarde;
			sourceTree = "<group>";
		};
/* End PBXGroup section */

/* Begin PBXNativeTarget section */
		3F0CD5522342655F00D569D7 /* AulaStoryboardUFRJTarde */ = {
			isa = PBXNativeTarget;
			buildConfigurationList = 3F0CD5652342656000D569D7 /* Build configuration list for PBXNativeTarget "AulaStoryboardUFRJTarde" */;
			buildPhases = (
				3F0CD54F2342655F00D569D7 /* Sources */,
				3F0CD5502342655F00D569D7 /* Frameworks */,
				3F0CD5512342655F00D569D7 /* Resources */,
			);
			buildRules = (
			);
			dependencies = (
			);
			name = AulaStoryboardUFRJTarde;
			productName = AulaStoryboardUFRJTarde;
			productReference = 3F0CD5532342655F00D569D7 /* AulaStoryboardUFRJTarde.app */;
			productType = "com.apple.product-type.application";
		};
/* End PBXNativeTarget section */

/* Begin PBXProject section */
		3F0CD54B2342655F00D569D7 /* Project object */ = {
			isa = PBXProject;
			attributes = {
				LastSwiftUpdateCheck = 1030;
				LastUpgradeCheck = 1030;
				ORGANIZATIONNAME = Student;
				TargetAttributes = {
					3F0CD5522342655F00D569D7 = {
						CreatedOnToolsVersion = 10.3;
					};
				};
			};
			buildConfigurationList = 3F0CD54E2342655F00D569D7 /* Build configuration list for PBXProject "AulaStoryboardUFRJTarde" */;
			compatibilityVersion = "Xcode 9.3";
			developmentRegion = en;
			hasScannedForEncodings = 0;
			knownRegions = (
				en,
				Base,
			);
			mainGroup = 3F0CD54A2342655F00D569D7;
			productRefGroup = 3F0CD5542342655F00D569D7 /* Products */;
			projectDirPath = "";
			projectRoot = "";
			targets = (
				3F0CD5522342655F00D569D7 /* AulaStoryboardUFRJTarde */,
			);
		};
/* End PBXProject section */

/* Begin PBXResourcesBuildPhase section */
		3F0CD5512342655F00D569D7 /* Resources */ = {
			isa = PBXResourcesBuildPhase;
			buildActionMask = 2147483647;
			files = (
				3F0CD5612342656000D569D7 /* LaunchScreen.storyboard in Resources */,
				3F0CD55E2342656000D569D7 /* Assets.xcassets in Resources */,
				3F0CD55C2342655F00D569D7 /* Main.storyboard in Resources */,
			);
			runOnlyForDeploymentPostprocessing = 0;
		};
/* End PBXResourcesBuildPhase section */

/* Begin PBXSourcesBuildPhase section */
		3F0CD54F2342655F00D569D7 /* Sources */ = {
			isa = PBXSourcesBuildPhase;
			buildActionMask = 2147483647;
			files = (
				3F0CD5592342655F00D569D7 /* ViewController.swift in Sources */,
				3F0CD56B23426CC800D569D7 /* NovaCorViewController.swift in Sources */,
				3F0CD5572342655F00D569D7 /* AppDelegate.swift in Sources */,
				3F0CD56923426C9300D569D7 /* AzulViewController.swift in Sources */,
			);
			runOnlyForDeploymentPostprocessing = 0;
		};
/* End PBXSourcesBuildPhase section */

/* Begin PBXVariantGroup section */
		3F0CD55A2342655F00D569D7 /* Main.storyboard */ = {
			isa = PBXVariantGroup;
			children = (
				3F0CD55B2342655F00D569D7 /* Base */,
			);
			name = Main.storyboard;
			sourceTree = "<group>";
		};
		3F0CD55F2342656000D569D7 /* LaunchScreen.storyboard */ = {
			isa = PBXVariantGroup;
			children = (
				3F0CD5602342656000D569D7 /* Base */,
			);
			name = LaunchScreen.storyboard;
			sourceTree = "<group>";
		};
/* End PBXVariantGroup section */

/* Begin XCBuildConfiguration section */
		3F0CD5632342656000D569D7 /* Debug */ = {
			isa = XCBuildConfiguration;
			buildSettings = {
				ALWAYS_SEARCH_USER_PATHS = NO;
				CLANG_ANALYZER_NONNULL = YES;
				CLANG_ANALYZER_NUMBER_OBJECT_CONVERSION = YES_AGGRESSIVE;
				CLANG_CXX_LANGUAGE_STANDARD = "gnu++14";
				CLANG_CXX_LIBRARY = "libc++";
				CLANG_ENABLE_MODULES = YES;
				CLANG_ENABLE_OBJC_ARC = YES;
				CLANG_ENABLE_OBJC_WEAK = YES;
				CLANG_WARN_BLOCK_CAPTURE_AUTORELEASING = YES;
				CLANG_WARN_BOOL_CONVERSION = YES;
				CLANG_WARN_COMMA = YES;
				CLANG_WARN_CONSTANT_CONVERSION = YES;
				CLANG_WARN_DEPRECATED_OBJC_IMPLEMENTATIONS = YES;
				CLANG_WARN_DIRECT_OBJC_ISA_USAGE = YES_ERROR;
				CLANG_WARN_DOCUMENTATION_COMMENTS = YES;
				CLANG_WARN_EMPTY_BODY = YES;
				CLANG_WARN_ENUM_CONVERSION = YES;
				CLANG_WARN_INFINITE_RECURSION = YES;
				CLANG_WARN_INT_CONVERSION = YES;
				CLANG_WARN_NON_LITERAL_NULL_CONVERSION = YES;
				CLANG_WARN_OBJC_IMPLICIT_RETAIN_SELF = YES;
				CLANG_WARN_OBJC_LITERAL_CONVERSION = YES;
				CLANG_WARN_OBJC_ROOT_CLASS = YES_ERROR;
				CLANG_WARN_RANGE_LOOP_ANALYSIS = YES;
				CLANG_WARN_STRICT_PROTOTYPES = YES;
				CLANG_WARN_SUSPICIOUS_MOVE = YES;
				CLANG_WARN_UNGUARDED_AVAILABILITY = YES_AGGRESSIVE;
				CLANG_WARN_UNREACHABLE_CODE = YES;
				CLANG_WARN__DUPLICATE_METHOD_MATCH = YES;
				CODE_SIGN_IDENTITY = "iPhone Developer";
				COPY_PHASE_STRIP = NO;
				DEBUG_INFORMATION_FORMAT = dwarf;
				ENABLE_STRICT_OBJC_MSGSEND = YES;
				ENABLE_TESTABILITY = YES;
				GCC_C_LANGUAGE_STANDARD = gnu11;
				GCC_DYNAMIC_NO_PIC = NO;
				GCC_NO_COMMON_BLOCKS = YES;
				GCC_OPTIMIZATION_LEVEL = 0;
				GCC_PREPROCESSOR_DEFINITIONS = (
					"DEBUG=1",
					"$(inherited)",
				);
				GCC_WARN_64_TO_32_BIT_CONVERSION = YES;
				GCC_WARN_ABOUT_RETURN_TYPE = YES_ERROR;
				GCC_WARN_UNDECLARED_SELECTOR = YES;
				GCC_WARN_UNINITIALIZED_AUTOS = YES_AGGRESSIVE;
				GCC_WARN_UNUSED_FUNCTION = YES;
				GCC_WARN_UNUSED_VARIABLE = YES;
				IPHONEOS_DEPLOYMENT_TARGET = 12.4;
				MTL_ENABLE_DEBUG_INFO = INCLUDE_SOURCE;
				MTL_FAST_MATH = YES;
				ONLY_ACTIVE_ARCH = YES;
				SDKROOT = iphoneos;
				SWIFT_ACTIVE_COMPILATION_CONDITIONS = DEBUG;
				SWIFT_OPTIMIZATION_LEVEL = "-Onone";
			};
			name = Debug;
		};
		3F0CD5642342656000D569D7 /* Release */ = {
			isa = XCBuildConfiguration;
			buildSettings = {
				ALWAYS_SEARCH_USER_PATHS = NO;
				CLANG_ANALYZER_NONNULL = YES;
				CLANG_ANALYZER_NUMBER_OBJECT_CONVERSION = YES_AGGRESSIVE;
				CLANG_CXX_LANGUAGE_STANDARD = "gnu++14";
				CLANG_CXX_LIBRARY = "libc++";
				CLANG_ENABLE_MODULES = YES;
				CLANG_ENABLE_OBJC_ARC = YES;
				CLANG_ENABLE_OBJC_WEAK = YES;
				CLANG_WARN_BLOCK_CAPTURE_AUTORELEASING = YES;
				CLANG_WARN_BOOL_CONVERSION = YES;
				CLANG_WARN_COMMA = YES;
				CLANG_WARN_CONSTANT_CONVERSION = YES;
				CLANG_WARN_DEPRECATED_OBJC_IMPLEMENTATIONS = YES;
				CLANG_WARN_DIRECT_OBJC_ISA_USAGE = YES_ERROR;
				CLANG_WARN_DOCUMENTATION_COMMENTS = YES;
				CLANG_WARN_EMPTY_BODY = YES;
				CLANG_WARN_ENUM_CONVERSION = YES;
				CLANG_WARN_INFINITE_RECURSION = YES;
				CLANG_WARN_INT_CONVERSION = YES;
				CLANG_WARN_NON_LITERAL_NULL_CONVERSION = YES;
				CLANG_WARN_OBJC_IMPLICIT_RETAIN_SELF = YES;
				CLANG_WARN_OBJC_LITERAL_CONVERSION = YES;
				CLANG_WARN_OBJC_ROOT_CLASS = YES_ERROR;
				CLANG_WARN_RANGE_LOOP_ANALYSIS = YES;
				CLANG_WARN_STRICT_PROTOTYPES = YES;
				CLANG_WARN_SUSPICIOUS_MOVE = YES;
				CLANG_WARN_UNGUARDED_AVAILABILITY = YES_AGGRESSIVE;
				CLANG_WARN_UNREACHABLE_CODE = YES;
				CLANG_WARN__DUPLICATE_METHOD_MATCH = YES;
				CODE_SIGN_IDENTITY = "iPhone Developer";
				COPY_PHASE_STRIP = NO;
				DEBUG_INFORMATION_FORMAT = "dwarf-with-dsym";
				ENABLE_NS_ASSERTIONS = NO;
				ENABLE_STRICT_OBJC_MSGSEND = YES;
				GCC_C_LANGUAGE_STANDARD = gnu11;
				GCC_NO_COMMON_BLOCKS = YES;
				GCC_WARN_64_TO_32_BIT_CONVERSION = YES;
				GCC_WARN_ABOUT_RETURN_TYPE = YES_ERROR;
				GCC_WARN_UNDECLARED_SELECTOR = YES;
				GCC_WARN_UNINITIALIZED_AUTOS = YES_AGGRESSIVE;
				GCC_WARN_UNUSED_FUNCTION = YES;
				GCC_WARN_UNUSED_VARIABLE = YES;
				IPHONEOS_DEPLOYMENT_TARGET = 12.4;
				MTL_ENABLE_DEBUG_INFO = NO;
				MTL_FAST_MATH = YES;
				SDKROOT = iphoneos;
				SWIFT_COMPILATION_MODE = wholemodule;
				SWIFT_OPTIMIZATION_LEVEL = "-O";
				VALIDATE_PRODUCT = YES;
			};
			name = Release;
		};
		3F0CD5662342656000D569D7 /* Debug */ = {
			isa = XCBuildConfiguration;
			buildSettings = {
				ASSETCATALOG_COMPILER_APPICON_NAME = AppIcon;
				CODE_SIGN_STYLE = Automatic;
				INFOPLIST_FILE = AulaStoryboardUFRJTarde/Info.plist;
				LD_RUNPATH_SEARCH_PATHS = (
					"$(inherited)",
					"@executable_path/Frameworks",
				);
				PRODUCT_BUNDLE_IDENTIFIER = com.autolayoutufrj.AulaStoryboardUFRJTarde;
				PRODUCT_NAME = "$(TARGET_NAME)";
				SWIFT_VERSION = 5.0;
				TARGETED_DEVICE_FAMILY = "1,2";
			};
			name = Debug;
		};
		3F0CD5672342656000D569D7 /* Release */ = {
			isa = XCBuildConfiguration;
			buildSettings = {
				ASSETCATALOG_COMPILER_APPICON_NAME = AppIcon;
				CODE_SIGN_STYLE = Automatic;
				INFOPLIST_FILE = AulaStoryboardUFRJTarde/Info.plist;
				LD_RUNPATH_SEARCH_PATHS = (
					"$(inherited)",
					"@executable_path/Frameworks",
				);
				PRODUCT_BUNDLE_IDENTIFIER = com.autolayoutufrj.AulaStoryboardUFRJTarde;
				PRODUCT_NAME = "$(TARGET_NAME)";
				SWIFT_VERSION = 5.0;
				TARGETED_DEVICE_FAMILY = "1,2";
			};
			name = Release;
		};
/* End XCBuildConfiguration section */

/* Begin XCConfigurationList section */
		3F0CD54E2342655F00D569D7 /* Build configuration list for PBXProject "AulaStoryboardUFRJTarde" */ = {
			isa = XCConfigurationList;
			buildConfigurations = (
				3F0CD5632342656000D569D7 /* Debug */,
				3F0CD5642342656000D569D7 /* Release */,
			);
			defaultConfigurationIsVisible = 0;
			defaultConfigurationName = Release;
		};
		3F0CD5652342656000D569D7 /* Build configuration list for PBXNativeTarget "AulaStoryboardUFRJTarde" */ = {
			isa = XCConfigurationList;
			buildConfigurations = (
				3F0CD5662342656000D569D7 /* Debug */,
				3F0CD5672342656000D569D7 /* Release */,
			);
			defaultConfigurationIsVisible = 0;
			defaultConfigurationName = Release;
		};
/* End XCConfigurationList section */
	};
	rootObject = 3F0CD54B2342655F00D569D7 /* Project object */;
}
